
Microsoft Visual Studio Solution File, Format Version 12.00
# Visual Studio 15
VisualStudioVersion = 15.0.27703.2000
MinimumVisualStudioVersion = 10.0.40219.1
Project("{9A19103F-16F7-4668-BE54-9A1E7A4F7556}") = "HorseRaceApi", "HorseRaceApi\HorseRaceApi.csproj", "{D94A4334-359C-41C4-A960-94ACBAFB36F7}"
EndProject
Project("{9A19103F-16F7-4668-BE54-9A1E7A4F7556}") = "HorseRace", "HorseRace\HorseRace.csproj", "{EB50B570-5BDE-4EC8-B88E-02C613F49B8F}"
EndProject
Project("{9A19103F-16F7-4668-BE54-9A1E7A4F7556}") = "HorseRaceApiCoreEntity", "HorseRaceApiCore\HorseRaceApiCoreEntity.csproj", "{A938EF22-B669-4BE0-88CC-13C29A4F98C3}"
EndProject
Project("{9A19103F-16F7-4668-BE54-9A1E7A4F7556}") = "HorseRace14", "HorseRace14\HorseRace14.csproj", "{A6A97BEE-6960-4D6F-ACD0-009B61301588}"
EndProject
Project("{9A19103F-16F7-4668-BE54-9A1E7A4F7556}") = "Gibraltar", "Gibraltar\Gibraltar.csproj", "{08B4FC33-23AF-4C2B-A601-C74A2D64038E}"
EndProject
Project("{FAE04EC0-301F-11D3-BF4B-00C04F79EFBC}") = "HorseRace14Tests", "HorseRace14Tests\HorseRace14Tests.csproj", "{FD11A149-6DB9-4356-BCC8-CCEE88836463}"
EndProject
Global
	GlobalSection(SolutionConfigurationPlatforms) = preSolution
		Debug|Any CPU = Debug|Any CPU
		Release|Any CPU = Release|Any CPU
	EndGlobalSection
	GlobalSection(ProjectConfigurationPlatforms) = postSolution
		{D94A4334-359C-41C4-A960-94ACBAFB36F7}.Debug|Any CPU.ActiveCfg = Debug|Any CPU
		{D94A4334-359C-41C4-A960-94ACBAFB36F7}.Debug|Any CPU.Build.0 = Debug|Any CPU
		{D94A4334-359C-41C4-A960-94ACBAFB36F7}.Release|Any CPU.ActiveCfg = Release|Any CPU
		{D94A4334-359C-41C4-A960-94ACBAFB36F7}.Release|Any CPU.Build.0 = Release|Any CPU
		{EB50B570-5BDE-4EC8-B88E-02C613F49B8F}.Debug|Any CPU.ActiveCfg = Debug|Any CPU
		{EB50B570-5BDE-4EC8-B88E-02C613F49B8F}.Debug|Any CPU.Build.0 = Debug|Any CPU
		{EB50B570-5BDE-4EC8-B88E-02C613F49B8F}.Release|Any CPU.ActiveCfg = Release|Any CPU
		{EB50B570-5BDE-4EC8-B88E-02C613F49B8F}.Release|Any CPU.Build.0 = Release|Any CPU
		{A938EF22-B669-4BE0-88CC-13C29A4F98C3}.Debug|Any CPU.ActiveCfg = Debug|Any CPU
		{A938EF22-B669-4BE0-88CC-13C29A4F98C3}.Debug|Any CPU.Build.0 = Debug|Any CPU
		{A938EF22-B669-4BE0-88CC-13C29A4F98C3}.Release|Any CPU.ActiveCfg = Release|Any CPU
		{A938EF22-B669-4BE0-88CC-13C29A4F98C3}.Release|Any CPU.Build.0 = Release|Any CPU
		{A6A97BEE-6960-4D6F-ACD0-009B61301588}.Debug|Any CPU.ActiveCfg = Debug|Any CPU
		{A6A97BEE-6960-4D6F-ACD0-009B61301588}.Debug|Any CPU.Build.0 = Debug|Any CPU
		{A6A97BEE-6960-4D6F-ACD0-009B61301588}.Release|Any CPU.ActiveCfg = Release|Any CPU
		{A6A97BEE-6960-4D6F-ACD0-009B61301588}.Release|Any CPU.Build.0 = Release|Any CPU
		{08B4FC33-23AF-4C2B-A601-C74A2D64038E}.Debug|Any CPU.ActiveCfg = Debug|Any CPU
		{08B4FC33-23AF-4C2B-A601-C74A2D64038E}.Debug|Any CPU.Build.0 = Debug|Any CPU
		{08B4FC33-23AF-4C2B-A601-C74A2D64038E}.Release|Any CPU.ActiveCfg = Release|Any CPU
		{08B4FC33-23AF-4C2B-A601-C74A2D64038E}.Release|Any CPU.Build.0 = Release|Any CPU
		{FD11A149-6DB9-4356-BCC8-CCEE88836463}.Debug|Any CPU.ActiveCfg = Debug|Any CPU
		{FD11A149-6DB9-4356-BCC8-CCEE88836463}.Debug|Any CPU.Build.0 = Debug|Any CPU
		{FD11A149-6DB9-4356-BCC8-CCEE88836463}.Release|Any CPU.ActiveCfg = Release|Any CPU
		{FD11A149-6DB9-4356-BCC8-CCEE88836463}.Release|Any CPU.Build.0 = Release|Any CPU
	EndGlobalSection
	GlobalSection(SolutionProperties) = preSolution
		HideSolutionNode = FALSE
	EndGlobalSection
	GlobalSection(ExtensibilityGlobals) = postSolution
		SolutionGuid = {31EDFA20-3F84-4B36-A89C-F224E811CBF9}
	EndGlobalSection
EndGlobal
